# This file is automatically @generated by Cargo.
# It is not intended for manual editing.
version = 3

[[package]]
name = "clone_dyn_types"
version = "0.21.0"
source = "registry+https://github.com/rust-lang/crates.io-index"
checksum = "9f5a117e284c0a88be99bc214d54748b9aa1c048a280dd1749df43261dcea522"

[[package]]
name = "either"
version = "1.13.0"
source = "registry+https://github.com/rust-lang/crates.io-index"
checksum = "60b1af1c220855b6ceac025d3f6ecdd2b7c4894bfe9cd9bda4fbb4bc7c0d4cf0"

[[package]]
name = "iter_tools"
version = "0.19.0"
source = "registry+https://github.com/rust-lang/crates.io-index"
checksum = "559f2d0f075715ef5bf20d438650522e5a5158bc60cb057b66a93384b341fac2"
dependencies = [
 "clone_dyn_types",
 "itertools 0.11.0",
]

[[package]]
name = "itertools"
version = "0.11.0"
source = "registry+https://github.com/rust-lang/crates.io-index"
checksum = "b1c173a5686ce8bfa551b3563d0c2170bf24ca44da99c7ca4bfdab5418c3fe57"
dependencies = [
 "either",
]

[[package]]
name = "itertools"
version = "0.13.0"
source = "registry+https://github.com/rust-lang/crates.io-index"
checksum = "413ee7dfc52ee1a4949ceeb7dbc8a33f2d6c088194d9f922fb8318faf1f01186"
dependencies = [
 "either",
]

[[package]]
name = "wordl"
version = "0.1.0"
dependencies = [
 "iter_tools",
 "itertools 0.13.0",
]
